PODS:
  - SDWebImage (4.4.5):
    - SDWebImage/Core (= 4.4.5)
  - SDWebImage/Core (4.4.5)
  - TTTAttributedLabel (2.0.0)

DEPENDENCIES:
  - SDWebImage (~> 4.0)
  - TTTAttributedLabel

SPEC REPOS:
  https://github.com/CocoaPods/Specs.git:
    - SDWebImage
    - TTTAttributedLabel

SPEC CHECKSUMS:
  SDWebImage: ecc03494e973b93b80213649d32175f8d2d17d4d
  TTTAttributedLabel: 8cffe8e127e4e82ff3af1e5386d4cd0ad000b656

PODFILE CHECKSUM: 4c6a1266ac45b2dc2bb77ced4272e958c5b44bc9

COCOAPODS: 1.8.4
